
Microsoft Visual Studio Solution File, Format Version 12.00
# Visual Studio 14
VisualStudioVersion = 14.0.25420.1
MinimumVisualStudioVersion = 10.0.40219.1
Project("{FAE04EC0-301F-11D3-BF4B-00C04F79EFBC}") = "AdventuresOfAlfloog", "AdventuresOfAlfloog\AdventuresOfAlfloog\AdventuresOfAlfloog.csproj", "{291D975E-1AEC-4E2B-B46A-CB78B0FA392C}"
EndProject
Project("{96E2B04D-8817-42C6-938A-82C39BA4D311}") = "AdventuresOfAlfloogContent", "AdventuresOfAlfloog\AdventuresOfAlfloogContent\AdventuresOfAlfloogContent.contentproj", "{EAA57770-46D4-4043-9239-96A5898F7670}"
EndProject
Global
	GlobalSection(SolutionConfigurationPlatforms) = preSolution
		Debug|x86 = Debug|x86
		Release|x86 = Release|x86
	EndGlobalSection
	GlobalSection(ProjectConfigurationPlatforms) = postSolution
		{291D975E-1AEC-4E2B-B46A-CB78B0FA392C}.Debug|x86.ActiveCfg = Debug|x86
		{291D975E-1AEC-4E2B-B46A-CB78B0FA392C}.Debug|x86.Build.0 = Debug|x86
		{291D975E-1AEC-4E2B-B46A-CB78B0FA392C}.Release|x86.ActiveCfg = Release|x86
		{291D975E-1AEC-4E2B-B46A-CB78B0FA392C}.Release|x86.Build.0 = Release|x86
		{EAA57770-46D4-4043-9239-96A5898F7670}.Debug|x86.ActiveCfg = Debug|x86
		{EAA57770-46D4-4043-9239-96A5898F7670}.Release|x86.ActiveCfg = Release|x86
	EndGlobalSection
	GlobalSection(SolutionProperties) = preSolution
		HideSolutionNode = FALSE
	EndGlobalSection
EndGlobal
